
Microsoft Visual Studio Solution File, Format Version 12.00
# Visual Studio Version 17
VisualStudioVersion = 17.0.31903.59
MinimumVisualStudioVersion = 10.0.40219.1
Project("{2150E333-8FDC-42A3-9474-1A3956D46DE8}") = "TodoListWebAPI", "TodoListWebAPI", "{BD7F59E1-5269-49B7-946A-C7FEB023476A}"
EndProject
Project("{FAE04EC0-301F-11D3-BF4B-00C04F79EFBC}") = "TodoListWebAPI", "TodoListWebAPI\TodoListWebAPI\TodoListWebAPI.csproj", "{9F0972E2-8B05-426B-8968-C5A401FAEB75}"
EndProject
Project("{2150E333-8FDC-42A3-9474-1A3956D46DE8}") = "TodoListWepAPITest", "TodoListWepAPITest", "{1447FFB6-A0C2-42C9-B9AF-4B6E732B44B5}"
EndProject
Project("{FAE04EC0-301F-11D3-BF4B-00C04F79EFBC}") = "TodoListWepAPITest", "TodoListWepAPITest\TodoListWepAPITest\TodoListWepAPITest.csproj", "{7639CD26-40D7-4A56-9097-6DD315D58E79}"
EndProject
Global
	GlobalSection(SolutionConfigurationPlatforms) = preSolution
		Debug|Any CPU = Debug|Any CPU
		Release|Any CPU = Release|Any CPU
	EndGlobalSection
	GlobalSection(SolutionProperties) = preSolution
		HideSolutionNode = FALSE
	EndGlobalSection
	GlobalSection(ProjectConfigurationPlatforms) = postSolution
		{9F0972E2-8B05-426B-8968-C5A401FAEB75}.Debug|Any CPU.ActiveCfg = Debug|Any CPU
		{9F0972E2-8B05-426B-8968-C5A401FAEB75}.Debug|Any CPU.Build.0 = Debug|Any CPU
		{9F0972E2-8B05-426B-8968-C5A401FAEB75}.Release|Any CPU.ActiveCfg = Release|Any CPU
		{9F0972E2-8B05-426B-8968-C5A401FAEB75}.Release|Any CPU.Build.0 = Release|Any CPU
		{7639CD26-40D7-4A56-9097-6DD315D58E79}.Debug|Any CPU.ActiveCfg = Debug|Any CPU
		{7639CD26-40D7-4A56-9097-6DD315D58E79}.Debug|Any CPU.Build.0 = Debug|Any CPU
		{7639CD26-40D7-4A56-9097-6DD315D58E79}.Release|Any CPU.ActiveCfg = Release|Any CPU
		{7639CD26-40D7-4A56-9097-6DD315D58E79}.Release|Any CPU.Build.0 = Release|Any CPU
	EndGlobalSection
	GlobalSection(NestedProjects) = preSolution
		{9F0972E2-8B05-426B-8968-C5A401FAEB75} = {BD7F59E1-5269-49B7-946A-C7FEB023476A}
		{7639CD26-40D7-4A56-9097-6DD315D58E79} = {1447FFB6-A0C2-42C9-B9AF-4B6E732B44B5}
	EndGlobalSection
EndGlobal
